
Microsoft Visual Studio Solution File, Format Version 12.00
# Visual Studio Version 16
VisualStudioVersion = 16.0.30804.86
MinimumVisualStudioVersion = 10.0.40219.1
Project("{9A19103F-16F7-4668-BE54-9A1E7A4F7556}") = "ARHome.Api", "ARHome.Api\ARHome.Api.csproj", "{4617DA6E-5EE4-444E-87A9-2022F35CA850}"
EndProject
Project("{FAE04EC0-301F-11D3-BF4B-00C04F79EFBC}") = "ARHome.Core", "ARHome.Core\ARHome.Core.csproj", "{D0BACF57-4DDA-44BF-8A7B-87B5BAA8230E}"
EndProject
Project("{FAE04EC0-301F-11D3-BF4B-00C04F79EFBC}") = "ARHome.Infrastructure", "ARHome.Infrastructure\ARHome.Infrastructure.csproj", "{43DA5893-6F02-4C47-B027-CB03CF7CD869}"
EndProject
Project("{FAE04EC0-301F-11D3-BF4B-00C04F79EFBC}") = "ARHome.Application", "ARHome.Application\ARHome.Application.csproj", "{5E0CEF35-66E3-43BB-8402-4AD9CBCC12F6}"
EndProject
Project("{2150E333-8FDC-42A3-9474-1A3956D46DE8}") = "client", "client", "{9454605D-7224-4E82-A2B2-7ADB7DE187BD}"
EndProject
Project("{2150E333-8FDC-42A3-9474-1A3956D46DE8}") = "applications", "applications", "{1850011E-8986-4B51-B28F-42C132A4D667}"
EndProject
Project("{FAE04EC0-301F-11D3-BF4B-00C04F79EFBC}") = "ARHome.Client", "ARHome.Client\ARHome.Client.csproj", "{07B5BEE8-ECE0-4D68-BC40-FBD8E797ECC5}"
EndProject
Project("{2150E333-8FDC-42A3-9474-1A3956D46DE8}") = "common", "common", "{3D81B5A5-A97D-40C4-915D-D115661BF1A3}"
EndProject
Project("{FAE04EC0-301F-11D3-BF4B-00C04F79EFBC}") = "ARHome.Primitives", "ARHome.Primitives\ARHome.Primitives.csproj", "{31A90C15-911C-4F09-A118-178274DD6921}"
EndProject
Project("{FAE04EC0-301F-11D3-BF4B-00C04F79EFBC}") = "ARHome.GenericSubDomain", "ARHome.GenericSubDomain\ARHome.GenericSubDomain.csproj", "{468D97CD-0ECE-4269-A483-0D02D5CEC2FA}"
EndProject
Global
	GlobalSection(SolutionConfigurationPlatforms) = preSolution
		Debug|Any CPU = Debug|Any CPU
		Release|Any CPU = Release|Any CPU
	EndGlobalSection
	GlobalSection(ProjectConfigurationPlatforms) = postSolution
		{4617DA6E-5EE4-444E-87A9-2022F35CA850}.Debug|Any CPU.ActiveCfg = Debug|Any CPU
		{4617DA6E-5EE4-444E-87A9-2022F35CA850}.Debug|Any CPU.Build.0 = Debug|Any CPU
		{4617DA6E-5EE4-444E-87A9-2022F35CA850}.Release|Any CPU.ActiveCfg = Release|Any CPU
		{4617DA6E-5EE4-444E-87A9-2022F35CA850}.Release|Any CPU.Build.0 = Release|Any CPU
		{D0BACF57-4DDA-44BF-8A7B-87B5BAA8230E}.Debug|Any CPU.ActiveCfg = Debug|Any CPU
		{D0BACF57-4DDA-44BF-8A7B-87B5BAA8230E}.Debug|Any CPU.Build.0 = Debug|Any CPU
		{D0BACF57-4DDA-44BF-8A7B-87B5BAA8230E}.Release|Any CPU.ActiveCfg = Release|Any CPU
		{D0BACF57-4DDA-44BF-8A7B-87B5BAA8230E}.Release|Any CPU.Build.0 = Release|Any CPU
		{43DA5893-6F02-4C47-B027-CB03CF7CD869}.Debug|Any CPU.ActiveCfg = Debug|Any CPU
		{43DA5893-6F02-4C47-B027-CB03CF7CD869}.Debug|Any CPU.Build.0 = Debug|Any CPU
		{43DA5893-6F02-4C47-B027-CB03CF7CD869}.Release|Any CPU.ActiveCfg = Release|Any CPU
		{43DA5893-6F02-4C47-B027-CB03CF7CD869}.Release|Any CPU.Build.0 = Release|Any CPU
		{5E0CEF35-66E3-43BB-8402-4AD9CBCC12F6}.Debug|Any CPU.ActiveCfg = Debug|Any CPU
		{5E0CEF35-66E3-43BB-8402-4AD9CBCC12F6}.Debug|Any CPU.Build.0 = Debug|Any CPU
		{5E0CEF35-66E3-43BB-8402-4AD9CBCC12F6}.Release|Any CPU.ActiveCfg = Release|Any CPU
		{5E0CEF35-66E3-43BB-8402-4AD9CBCC12F6}.Release|Any CPU.Build.0 = Release|Any CPU
		{07B5BEE8-ECE0-4D68-BC40-FBD8E797ECC5}.Debug|Any CPU.ActiveCfg = Debug|Any CPU
		{07B5BEE8-ECE0-4D68-BC40-FBD8E797ECC5}.Debug|Any CPU.Build.0 = Debug|Any CPU
		{07B5BEE8-ECE0-4D68-BC40-FBD8E797ECC5}.Release|Any CPU.ActiveCfg = Release|Any CPU
		{07B5BEE8-ECE0-4D68-BC40-FBD8E797ECC5}.Release|Any CPU.Build.0 = Release|Any CPU
		{31A90C15-911C-4F09-A118-178274DD6921}.Debug|Any CPU.ActiveCfg = Debug|Any CPU
		{31A90C15-911C-4F09-A118-178274DD6921}.Debug|Any CPU.Build.0 = Debug|Any CPU
		{31A90C15-911C-4F09-A118-178274DD6921}.Release|Any CPU.ActiveCfg = Release|Any CPU
		{31A90C15-911C-4F09-A118-178274DD6921}.Release|Any CPU.Build.0 = Release|Any CPU
		{468D97CD-0ECE-4269-A483-0D02D5CEC2FA}.Debug|Any CPU.ActiveCfg = Debug|Any CPU
		{468D97CD-0ECE-4269-A483-0D02D5CEC2FA}.Debug|Any CPU.Build.0 = Debug|Any CPU
		{468D97CD-0ECE-4269-A483-0D02D5CEC2FA}.Release|Any CPU.ActiveCfg = Release|Any CPU
		{468D97CD-0ECE-4269-A483-0D02D5CEC2FA}.Release|Any CPU.Build.0 = Release|Any CPU
	EndGlobalSection
	GlobalSection(SolutionProperties) = preSolution
		HideSolutionNode = FALSE
	EndGlobalSection
	GlobalSection(ExtensibilityGlobals) = postSolution
		SolutionGuid = {B16A99C2-C0CB-4E4A-B30B-C40FCEBE60B8}
	EndGlobalSection
	GlobalSection(NestedProjects) = preSolution
		{4617DA6E-5EE4-444E-87A9-2022F35CA850} = {1850011E-8986-4B51-B28F-42C132A4D667}
		{07B5BEE8-ECE0-4D68-BC40-FBD8E797ECC5} = {9454605D-7224-4E82-A2B2-7ADB7DE187BD}
		{31A90C15-911C-4F09-A118-178274DD6921} = {3D81B5A5-A97D-40C4-915D-D115661BF1A3}
		{468D97CD-0ECE-4269-A483-0D02D5CEC2FA} = {3D81B5A5-A97D-40C4-915D-D115661BF1A3}
	EndGlobalSection
EndGlobal
