
Microsoft Visual Studio Solution File, Format Version 12.00
# Visual Studio Version 16
VisualStudioVersion = 16.0.30804.86
MinimumVisualStudioVersion = 10.0.40219.1
Project("{9A19103F-16F7-4668-BE54-9A1E7A4F7556}") = "ARHome.Api", "ARHome.Api\ARHome.Api.csproj", "{4617DA6E-5EE4-444E-87A9-2022F35CA850}"
EndProject
Project("{FAE04EC0-301F-11D3-BF4B-00C04F79EFBC}") = "ARHome.Core", "ARHome.Core\ARHome.Core.csproj", "{D0BACF57-4DDA-44BF-8A7B-87B5BAA8230E}"
EndProject
Project("{FAE04EC0-301F-11D3-BF4B-00C04F79EFBC}") = "ARHome.Infrastructure", "ARHome.Infrastructure\ARHome.Infrastructure.csproj", "{43DA5893-6F02-4C47-B027-CB03CF7CD869}"
EndProject
Project("{FAE04EC0-301F-11D3-BF4B-00C04F79EFBC}") = "ARHome.Application", "ARHome.Application\ARHome.Application.csproj", "{5E0CEF35-66E3-43BB-8402-4AD9CBCC12F6}"
EndProject
Global
	GlobalSection(SolutionConfigurationPlatforms) = preSolution
		Debug|Any CPU = Debug|Any CPU
		Release|Any CPU = Release|Any CPU
	EndGlobalSection
	GlobalSection(ProjectConfigurationPlatforms) = postSolution
		{4617DA6E-5EE4-444E-87A9-2022F35CA850}.Debug|Any CPU.ActiveCfg = Debug|Any CPU
		{4617DA6E-5EE4-444E-87A9-2022F35CA850}.Debug|Any CPU.Build.0 = Debug|Any CPU
		{4617DA6E-5EE4-444E-87A9-2022F35CA850}.Release|Any CPU.ActiveCfg = Release|Any CPU
		{4617DA6E-5EE4-444E-87A9-2022F35CA850}.Release|Any CPU.Build.0 = Release|Any CPU
		{D0BACF57-4DDA-44BF-8A7B-87B5BAA8230E}.Debug|Any CPU.ActiveCfg = Debug|Any CPU
		{D0BACF57-4DDA-44BF-8A7B-87B5BAA8230E}.Debug|Any CPU.Build.0 = Debug|Any CPU
		{D0BACF57-4DDA-44BF-8A7B-87B5BAA8230E}.Release|Any CPU.ActiveCfg = Release|Any CPU
		{D0BACF57-4DDA-44BF-8A7B-87B5BAA8230E}.Release|Any CPU.Build.0 = Release|Any CPU
		{43DA5893-6F02-4C47-B027-CB03CF7CD869}.Debug|Any CPU.ActiveCfg = Debug|Any CPU
		{43DA5893-6F02-4C47-B027-CB03CF7CD869}.Debug|Any CPU.Build.0 = Debug|Any CPU
		{43DA5893-6F02-4C47-B027-CB03CF7CD869}.Release|Any CPU.ActiveCfg = Release|Any CPU
		{43DA5893-6F02-4C47-B027-CB03CF7CD869}.Release|Any CPU.Build.0 = Release|Any CPU
		{5E0CEF35-66E3-43BB-8402-4AD9CBCC12F6}.Debug|Any CPU.ActiveCfg = Debug|Any CPU
		{5E0CEF35-66E3-43BB-8402-4AD9CBCC12F6}.Debug|Any CPU.Build.0 = Debug|Any CPU
		{5E0CEF35-66E3-43BB-8402-4AD9CBCC12F6}.Release|Any CPU.ActiveCfg = Release|Any CPU
		{5E0CEF35-66E3-43BB-8402-4AD9CBCC12F6}.Release|Any CPU.Build.0 = Release|Any CPU
	EndGlobalSection
	GlobalSection(SolutionProperties) = preSolution
		HideSolutionNode = FALSE
	EndGlobalSection
	GlobalSection(ExtensibilityGlobals) = postSolution
		SolutionGuid = {B16A99C2-C0CB-4E4A-B30B-C40FCEBE60B8}
	EndGlobalSection
EndGlobal
